
Microsoft Visual Studio Solution File, Format Version 12.00
# Visual Studio Version 16
VisualStudioVersion = 16.0.30907.101
MinimumVisualStudioVersion = 10.0.40219.1
Project("{FAE04EC0-301F-11D3-BF4B-00C04F79EFBC}") = "mvcprojekamp", "mvcprojekamp\mvcprojekamp.csproj", "{FEDF37C7-EBD4-4B47-A38C-36DFF9C8D56E}"
EndProject
Project("{FAE04EC0-301F-11D3-BF4B-00C04F79EFBC}") = "Entitylayer", "Entitylayer\Entitylayer.csproj", "{82F28F90-45DA-4C40-8D1F-309A83FF6C92}"
EndProject
Project("{FAE04EC0-301F-11D3-BF4B-00C04F79EFBC}") = "Dataacceslayer", "Dataacceslayer\Dataacceslayer.csproj", "{81BBFD1C-5986-466C-B0C5-4967AE214642}"
EndProject
Project("{FAE04EC0-301F-11D3-BF4B-00C04F79EFBC}") = "Businesslayer", "businesslayer\Businesslayer.csproj", "{72C179D0-1E52-48CB-B8BE-B8C19F15822A}"
EndProject
Global
	GlobalSection(SolutionConfigurationPlatforms) = preSolution
		Debug|Any CPU = Debug|Any CPU
		Release|Any CPU = Release|Any CPU
	EndGlobalSection
	GlobalSection(ProjectConfigurationPlatforms) = postSolution
		{FEDF37C7-EBD4-4B47-A38C-36DFF9C8D56E}.Debug|Any CPU.ActiveCfg = Debug|Any CPU
		{FEDF37C7-EBD4-4B47-A38C-36DFF9C8D56E}.Debug|Any CPU.Build.0 = Debug|Any CPU
		{FEDF37C7-EBD4-4B47-A38C-36DFF9C8D56E}.Release|Any CPU.ActiveCfg = Release|Any CPU
		{FEDF37C7-EBD4-4B47-A38C-36DFF9C8D56E}.Release|Any CPU.Build.0 = Release|Any CPU
		{82F28F90-45DA-4C40-8D1F-309A83FF6C92}.Debug|Any CPU.ActiveCfg = Debug|Any CPU
		{82F28F90-45DA-4C40-8D1F-309A83FF6C92}.Debug|Any CPU.Build.0 = Debug|Any CPU
		{82F28F90-45DA-4C40-8D1F-309A83FF6C92}.Release|Any CPU.ActiveCfg = Release|Any CPU
		{82F28F90-45DA-4C40-8D1F-309A83FF6C92}.Release|Any CPU.Build.0 = Release|Any CPU
		{81BBFD1C-5986-466C-B0C5-4967AE214642}.Debug|Any CPU.ActiveCfg = Debug|Any CPU
		{81BBFD1C-5986-466C-B0C5-4967AE214642}.Debug|Any CPU.Build.0 = Debug|Any CPU
		{81BBFD1C-5986-466C-B0C5-4967AE214642}.Release|Any CPU.ActiveCfg = Release|Any CPU
		{81BBFD1C-5986-466C-B0C5-4967AE214642}.Release|Any CPU.Build.0 = Release|Any CPU
		{72C179D0-1E52-48CB-B8BE-B8C19F15822A}.Debug|Any CPU.ActiveCfg = Debug|Any CPU
		{72C179D0-1E52-48CB-B8BE-B8C19F15822A}.Debug|Any CPU.Build.0 = Debug|Any CPU
		{72C179D0-1E52-48CB-B8BE-B8C19F15822A}.Release|Any CPU.ActiveCfg = Release|Any CPU
		{72C179D0-1E52-48CB-B8BE-B8C19F15822A}.Release|Any CPU.Build.0 = Release|Any CPU
	EndGlobalSection
	GlobalSection(SolutionProperties) = preSolution
		HideSolutionNode = FALSE
	EndGlobalSection
	GlobalSection(ExtensibilityGlobals) = postSolution
		SolutionGuid = {33D73470-839C-473C-A30C-DA20924A28BD}
	EndGlobalSection
EndGlobal
